// !$*UTF8*$!
{
	archiveVersion = 1;
	classes = {
	};
	objectVersion = 46;
	objects = {

/* Begin PBXBuildFile section */
		2E00EE5914D2F23B00112294 /* DetailsViewController.xib in Resources */ = {isa = PBXBuildFile; fileRef = 2E00EE5814D2F23B00112294 /* DetailsViewController.xib */; };
		2E3EACAD14EABA74009ED78D /* legend4@2x.png in Resources */ = {isa = PBXBuildFile; fileRef = 2E3EACAC14EABA74009ED78D /* legend4@2x.png */; };
		2E3EACAF14EABA7E009ED78D /* legend4.png in Resources */ = {isa = PBXBuildFile; fileRef = 2E3EACAE14EABA7E009ED78D /* legend4.png */; };
		2E3EACB514EBF954009ED78D /* CFNetwork.framework in Frameworks */ = {isa = PBXBuildFile; fileRef = 2E3EACB414EBF954009ED78D /* CFNetwork.framework */; };
		2E47CB7914E0B9F5004CE9EA /* logo@2x.png in Resources */ = {isa = PBXBuildFile; fileRef = 2E47CB7814E0B9F5004CE9EA /* logo@2x.png */; };
		2E47CB7B14E0BA03004CE9EA /* logo.png in Resources */ = {isa = PBXBuildFile; fileRef = 2E47CB7A14E0BA03004CE9EA /* logo.png */; };
		2E47CB8114E0C0D3004CE9EA /* Default.png in Resources */ = {isa = PBXBuildFile; fileRef = 2E47CB8014E0C0D3004CE9EA /* Default.png */; };
		2E47CB8314E0C0DC004CE9EA /* Default@2x.png in Resources */ = {isa = PBXBuildFile; fileRef = 2E47CB8214E0C0DC004CE9EA /* Default@2x.png */; };
		2E47CB8914E15B31004CE9EA /* DangerScaleViewController.xib in Resources */ = {isa = PBXBuildFile; fileRef = 2E47CB8814E15B31004CE9EA /* DangerScaleViewController.xib */; };
		2E47CB8C14E15D57004CE9EA /* DangerScaleViewController.m in Sources */ = {isa = PBXBuildFile; fileRef = 2E47CB8B14E15D57004CE9EA /* DangerScaleViewController.m */; };
		2E5D1DA914D04D7C007AD25A /* DetailsViewController.m in Sources */ = {isa = PBXBuildFile; fileRef = 2E5D1DA814D04D7C007AD25A /* DetailsViewController.m */; };
		2E5E4C7414D73F3400CAA36C /* SystemConfiguration.framework in Frameworks */ = {isa = PBXBuildFile; fileRef = 2EA9C9F814BFBD46008DD986 /* SystemConfiguration.framework */; };
		2E5E4C7814D7437C00CAA36C /* Reachability.m in Sources */ = {isa = PBXBuildFile; fileRef = 2E5E4C7714D7437C00CAA36C /* Reachability.m */; };
		2E9530601604FACF006C5191 /* JSONKit.m in Sources */ = {isa = PBXBuildFile; fileRef = 2E95305F1604FACF006C5191 /* JSONKit.m */; settings = {COMPILER_FLAGS = "-fno-objc-arc"; }; };
		2E9530631604FB49006C5191 /* libFlurryAnalytics.a in Frameworks */ = {isa = PBXBuildFile; fileRef = 2E9530621604FB49006C5191 /* libFlurryAnalytics.a */; };
		2E9530681605752C006C5191 /* Appirater.m in Sources */ = {isa = PBXBuildFile; fileRef = 2E9530671605752C006C5191 /* Appirater.m */; };
		2E95306B160583E8006C5191 /* RNCachingURLProtocol.m in Sources */ = {isa = PBXBuildFile; fileRef = 2E95306A160583E8006C5191 /* RNCachingURLProtocol.m */; };
		2E95307F16058681006C5191 /* AFHTTPClient.m in Sources */ = {isa = PBXBuildFile; fileRef = 2E95306D16058681006C5191 /* AFHTTPClient.m */; };
		2E95308016058681006C5191 /* AFHTTPRequestOperation.m in Sources */ = {isa = PBXBuildFile; fileRef = 2E95306F16058681006C5191 /* AFHTTPRequestOperation.m */; };
		2E95308116058681006C5191 /* AFImageRequestOperation.m in Sources */ = {isa = PBXBuildFile; fileRef = 2E95307116058681006C5191 /* AFImageRequestOperation.m */; };
		2E95308216058681006C5191 /* AFJSONRequestOperation.m in Sources */ = {isa = PBXBuildFile; fileRef = 2E95307316058681006C5191 /* AFJSONRequestOperation.m */; };
		2E95308316058681006C5191 /* AFNetworkActivityIndicatorManager.m in Sources */ = {isa = PBXBuildFile; fileRef = 2E95307516058681006C5191 /* AFNetworkActivityIndicatorManager.m */; };
		2E95308416058681006C5191 /* AFPropertyListRequestOperation.m in Sources */ = {isa = PBXBuildFile; fileRef = 2E95307816058681006C5191 /* AFPropertyListRequestOperation.m */; };
		2E95308516058681006C5191 /* AFURLConnectionOperation.m in Sources */ = {isa = PBXBuildFile; fileRef = 2E95307A16058681006C5191 /* AFURLConnectionOperation.m */; };
		2E95308616058681006C5191 /* AFXMLRequestOperation.m in Sources */ = {isa = PBXBuildFile; fileRef = 2E95307C16058681006C5191 /* AFXMLRequestOperation.m */; };
		2E95308716058681006C5191 /* UIImageView+AFNetworking.m in Sources */ = {isa = PBXBuildFile; fileRef = 2E95307E16058681006C5191 /* UIImageView+AFNetworking.m */; };
		2E95308916058908006C5191 /* Default-568h@2x.png in Resources */ = {isa = PBXBuildFile; fileRef = 2E95308816058908006C5191 /* Default-568h@2x.png */; };
		2E95309116069FA2006C5191 /* dangerScaleFrontLarge.jpg in Resources */ = {isa = PBXBuildFile; fileRef = 2E95309016069FA1006C5191 /* dangerScaleFrontLarge.jpg */; };
		2EA9C9FE14BFC15A008DD986 /* NetworkEngine.m in Sources */ = {isa = PBXBuildFile; fileRef = 2EA9C9FD14BFC15A008DD986 /* NetworkEngine.m */; };
		2EAA4E2214C874D500D93E24 /* DataManager.m in Sources */ = {isa = PBXBuildFile; fileRef = 2EAA4E2114C874D500D93E24 /* DataManager.m */; };
		2EAA9AE714D2EA60007AC5A3 /* MainViewController.xib in Resources */ = {isa = PBXBuildFile; fileRef = 2EAA9AE614D2EA60007AC5A3 /* MainViewController.xib */; };
		2EAF251D14C75942005E0410 /* RegionData.m in Sources */ = {isa = PBXBuildFile; fileRef = 2EAF251C14C75942005E0410 /* RegionData.m */; };
		2EB0580C14D0D575004DDD59 /* OverlayView.m in Sources */ = {isa = PBXBuildFile; fileRef = 2EB0580B14D0D575004DDD59 /* OverlayView.m */; };
		2EC6DC7014BF52FC005D3EC1 /* UIKit.framework in Frameworks */ = {isa = PBXBuildFile; fileRef = 2EC6DC6F14BF52FC005D3EC1 /* UIKit.framework */; };
		2EC6DC7214BF52FC005D3EC1 /* Foundation.framework in Frameworks */ = {isa = PBXBuildFile; fileRef = 2EC6DC7114BF52FC005D3EC1 /* Foundation.framework */; };
		2EC6DC7414BF52FC005D3EC1 /* CoreGraphics.framework in Frameworks */ = {isa = PBXBuildFile; fileRef = 2EC6DC7314BF52FC005D3EC1 /* CoreGraphics.framework */; };
		2EC6DC7A14BF52FC005D3EC1 /* InfoPlist.strings in Resources */ = {isa = PBXBuildFile; fileRef = 2EC6DC7814BF52FC005D3EC1 /* InfoPlist.strings */; };
		2EC6DC7C14BF52FC005D3EC1 /* main.m in Sources */ = {isa = PBXBuildFile; fileRef = 2EC6DC7B14BF52FC005D3EC1 /* main.m */; };
		2EC6DC8014BF52FC005D3EC1 /* AppDelegate.m in Sources */ = {isa = PBXBuildFile; fileRef = 2EC6DC7F14BF52FC005D3EC1 /* AppDelegate.m */; };
		2EC6DC8614BF52FC005D3EC1 /* MainViewController.m in Sources */ = {isa = PBXBuildFile; fileRef = 2EC6DC8514BF52FC005D3EC1 /* MainViewController.m */; };
		2EC6DCA714BF54B1005D3EC1 /* MapKit.framework in Frameworks */ = {isa = PBXBuildFile; fileRef = 2EC6DCA614BF54B1005D3EC1 /* MapKit.framework */; };
		2EC6DCA914BF54B7005D3EC1 /* CoreLocation.framework in Frameworks */ = {isa = PBXBuildFile; fileRef = 2EC6DCA814BF54B7005D3EC1 /* CoreLocation.framework */; };
/* End PBXBuildFile section */

/* Begin PBXFileReference section */
		2E00EE5814D2F23B00112294 /* DetailsViewController.xib */ = {isa = PBXFileReference; fileEncoding = 4; lastKnownFileType = file.xib; name = DetailsViewController.xib; path = ../DetailsViewController.xib; sourceTree = "<group>"; };
		2E3EACAC14EABA74009ED78D /* legend4@2x.png */ = {isa = PBXFileReference; lastKnownFileType = image.png; path = "legend4@2x.png"; sourceTree = "<group>"; };
		2E3EACAE14EABA7E009ED78D /* legend4.png */ = {isa = PBXFileReference; lastKnownFileType = image.png; path = legend4.png; sourceTree = "<group>"; };
		2E3EACB414EBF954009ED78D /* CFNetwork.framework */ = {isa = PBXFileReference; lastKnownFileType = wrapper.framework; name = CFNetwork.framework; path = System/Library/Frameworks/CFNetwork.framework; sourceTree = SDKROOT; };
		2E47CB7814E0B9F5004CE9EA /* logo@2x.png */ = {isa = PBXFileReference; lastKnownFileType = image.png; path = "logo@2x.png"; sourceTree = "<group>"; };
		2E47CB7A14E0BA03004CE9EA /* logo.png */ = {isa = PBXFileReference; lastKnownFileType = image.png; path = logo.png; sourceTree = "<group>"; };
		2E47CB8014E0C0D3004CE9EA /* Default.png */ = {isa = PBXFileReference; lastKnownFileType = image.png; path = Default.png; sourceTree = "<group>"; };
		2E47CB8214E0C0DC004CE9EA /* Default@2x.png */ = {isa = PBXFileReference; lastKnownFileType = image.png; path = "Default@2x.png"; sourceTree = "<group>"; };
		2E47CB8814E15B31004CE9EA /* DangerScaleViewController.xib */ = {isa = PBXFileReference; fileEncoding = 4; lastKnownFileType = file.xib; path = DangerScaleViewController.xib; sourceTree = "<group>"; };
		2E47CB8A14E15D57004CE9EA /* DangerScaleViewController.h */ = {isa = PBXFileReference; fileEncoding = 4; lastKnownFileType = sourcecode.c.h; path = DangerScaleViewController.h; sourceTree = "<group>"; };
		2E47CB8B14E15D57004CE9EA /* DangerScaleViewController.m */ = {isa = PBXFileReference; fileEncoding = 4; lastKnownFileType = sourcecode.c.objc; path = DangerScaleViewController.m; sourceTree = "<group>"; };
		2E4E643714C0B03300D11461 /* contants.h */ = {isa = PBXFileReference; fileEncoding = 4; lastKnownFileType = sourcecode.c.h; path = contants.h; sourceTree = "<group>"; };
		2E5D1DA714D04D7C007AD25A /* DetailsViewController.h */ = {isa = PBXFileReference; fileEncoding = 4; lastKnownFileType = sourcecode.c.h; path = DetailsViewController.h; sourceTree = "<group>"; };
		2E5D1DA814D04D7C007AD25A /* DetailsViewController.m */ = {isa = PBXFileReference; fileEncoding = 4; lastKnownFileType = sourcecode.c.objc; path = DetailsViewController.m; sourceTree = "<group>"; };
		2E5E4C7614D7437C00CAA36C /* Reachability.h */ = {isa = PBXFileReference; fileEncoding = 4; lastKnownFileType = sourcecode.c.h; path = Reachability.h; sourceTree = "<group>"; };
		2E5E4C7714D7437C00CAA36C /* Reachability.m */ = {isa = PBXFileReference; fileEncoding = 4; lastKnownFileType = sourcecode.c.objc; path = Reachability.m; sourceTree = "<group>"; };
		2E95305E1604FACF006C5191 /* JSONKit.h */ = {isa = PBXFileReference; fileEncoding = 4; lastKnownFileType = sourcecode.c.h; path = JSONKit.h; sourceTree = "<group>"; };
		2E95305F1604FACF006C5191 /* JSONKit.m */ = {isa = PBXFileReference; fileEncoding = 4; lastKnownFileType = sourcecode.c.objc; path = JSONKit.m; sourceTree = "<group>"; };
		2E9530611604FB49006C5191 /* FlurryAnalytics.h */ = {isa = PBXFileReference; fileEncoding = 4; lastKnownFileType = sourcecode.c.h; path = FlurryAnalytics.h; sourceTree = "<group>"; };
		2E9530621604FB49006C5191 /* libFlurryAnalytics.a */ = {isa = PBXFileReference; lastKnownFileType = archive.ar; path = libFlurryAnalytics.a; sourceTree = "<group>"; };
		2E9530661605752C006C5191 /* Appirater.h */ = {isa = PBXFileReference; fileEncoding = 4; lastKnownFileType = sourcecode.c.h; path = Appirater.h; sourceTree = "<group>"; };
		2E9530671605752C006C5191 /* Appirater.m */ = {isa = PBXFileReference; fileEncoding = 4; lastKnownFileType = sourcecode.c.objc; path = Appirater.m; sourceTree = "<group>"; };
		2E953069160583E8006C5191 /* RNCachingURLProtocol.h */ = {isa = PBXFileReference; fileEncoding = 4; lastKnownFileType = sourcecode.c.h; path = RNCachingURLProtocol.h; sourceTree = "<group>"; };
		2E95306A160583E8006C5191 /* RNCachingURLProtocol.m */ = {isa = PBXFileReference; fileEncoding = 4; lastKnownFileType = sourcecode.c.objc; path = RNCachingURLProtocol.m; sourceTree = "<group>"; };
		2E95306C16058681006C5191 /* AFHTTPClient.h */ = {isa = PBXFileReference; fileEncoding = 4; lastKnownFileType = sourcecode.c.h; path = AFHTTPClient.h; sourceTree = "<group>"; };
		2E95306D16058681006C5191 /* AFHTTPClient.m */ = {isa = PBXFileReference; fileEncoding = 4; lastKnownFileType = sourcecode.c.objc; path = AFHTTPClient.m; sourceTree = "<group>"; };
		2E95306E16058681006C5191 /* AFHTTPRequestOperation.h */ = {isa = PBXFileReference; fileEncoding = 4; lastKnownFileType = sourcecode.c.h; path = AFHTTPRequestOperation.h; sourceTree = "<group>"; };
		2E95306F16058681006C5191 /* AFHTTPRequestOperation.m */ = {isa = PBXFileReference; fileEncoding = 4; lastKnownFileType = sourcecode.c.objc; path = AFHTTPRequestOperation.m; sourceTree = "<group>"; };
		2E95307016058681006C5191 /* AFImageRequestOperation.h */ = {isa = PBXFileReference; fileEncoding = 4; lastKnownFileType = sourcecode.c.h; path = AFImageRequestOperation.h; sourceTree = "<group>"; };
		2E95307116058681006C5191 /* AFImageRequestOperation.m */ = {isa = PBXFileReference; fileEncoding = 4; lastKnownFileType = sourcecode.c.objc; path = AFImageRequestOperation.m; sourceTree = "<group>"; };
		2E95307216058681006C5191 /* AFJSONRequestOperation.h */ = {isa = PBXFileReference; fileEncoding = 4; lastKnownFileType = sourcecode.c.h; path = AFJSONRequestOperation.h; sourceTree = "<group>"; };
		2E95307316058681006C5191 /* AFJSONRequestOperation.m */ = {isa = PBXFileReference; fileEncoding = 4; lastKnownFileType = sourcecode.c.objc; path = AFJSONRequestOperation.m; sourceTree = "<group>"; };
		2E95307416058681006C5191 /* AFNetworkActivityIndicatorManager.h */ = {isa = PBXFileReference; fileEncoding = 4; lastKnownFileType = sourcecode.c.h; path = AFNetworkActivityIndicatorManager.h; sourceTree = "<group>"; };
		2E95307516058681006C5191 /* AFNetworkActivityIndicatorManager.m */ = {isa = PBXFileReference; fileEncoding = 4; lastKnownFileType = sourcecode.c.objc; path = AFNetworkActivityIndicatorManager.m; sourceTree = "<group>"; };
		2E95307616058681006C5191 /* AFNetworking.h */ = {isa = PBXFileReference; fileEncoding = 4; lastKnownFileType = sourcecode.c.h; path = AFNetworking.h; sourceTree = "<group>"; };
		2E95307716058681006C5191 /* AFPropertyListRequestOperation.h */ = {isa = PBXFileReference; fileEncoding = 4; lastKnownFileType = sourcecode.c.h; path = AFPropertyListRequestOperation.h; sourceTree = "<group>"; };
		2E95307816058681006C5191 /* AFPropertyListRequestOperation.m */ = {isa = PBXFileReference; fileEncoding = 4; lastKnownFileType = sourcecode.c.objc; path = AFPropertyListRequestOperation.m; sourceTree = "<group>"; };
		2E95307916058681006C5191 /* AFURLConnectionOperation.h */ = {isa = PBXFileReference; fileEncoding = 4; lastKnownFileType = sourcecode.c.h; path = AFURLConnectionOperation.h; sourceTree = "<group>"; };
		2E95307A16058681006C5191 /* AFURLConnectionOperation.m */ = {isa = PBXFileReference; fileEncoding = 4; lastKnownFileType = sourcecode.c.objc; path = AFURLConnectionOperation.m; sourceTree = "<group>"; };
		2E95307B16058681006C5191 /* AFXMLRequestOperation.h */ = {isa = PBXFileReference; fileEncoding = 4; lastKnownFileType = sourcecode.c.h; path = AFXMLRequestOperation.h; sourceTree = "<group>"; };
		2E95307C16058681006C5191 /* AFXMLRequestOperation.m */ = {isa = PBXFileReference; fileEncoding = 4; lastKnownFileType = sourcecode.c.objc; path = AFXMLRequestOperation.m; sourceTree = "<group>"; };
		2E95307D16058681006C5191 /* UIImageView+AFNetworking.h */ = {isa = PBXFileReference; fileEncoding = 4; lastKnownFileType = sourcecode.c.h; path = "UIImageView+AFNetworking.h"; sourceTree = "<group>"; };
		2E95307E16058681006C5191 /* UIImageView+AFNetworking.m */ = {isa = PBXFileReference; fileEncoding = 4; lastKnownFileType = sourcecode.c.objc; path = "UIImageView+AFNetworking.m"; sourceTree = "<group>"; };
		2E95308816058908006C5191 /* Default-568h@2x.png */ = {isa = PBXFileReference; lastKnownFileType = image.png; path = "Default-568h@2x.png"; sourceTree = "<group>"; };
		2E95309016069FA1006C5191 /* dangerScaleFrontLarge.jpg */ = {isa = PBXFileReference; lastKnownFileType = image.jpeg; path = dangerScaleFrontLarge.jpg; sourceTree = "<group>"; };
		2EA9C9F814BFBD46008DD986 /* SystemConfiguration.framework */ = {isa = PBXFileReference; lastKnownFileType = wrapper.framework; name = SystemConfiguration.framework; path = System/Library/Frameworks/SystemConfiguration.framework; sourceTree = SDKROOT; };
		2EA9C9FC14BFC15A008DD986 /* NetworkEngine.h */ = {isa = PBXFileReference; fileEncoding = 4; lastKnownFileType = sourcecode.c.h; path = NetworkEngine.h; sourceTree = "<group>"; };
		2EA9C9FD14BFC15A008DD986 /* NetworkEngine.m */ = {isa = PBXFileReference; fileEncoding = 4; lastKnownFileType = sourcecode.c.objc; path = NetworkEngine.m; sourceTree = "<group>"; };
		2EAA4E2014C874D500D93E24 /* DataManager.h */ = {isa = PBXFileReference; fileEncoding = 4; lastKnownFileType = sourcecode.c.h; path = DataManager.h; sourceTree = "<group>"; };
		2EAA4E2114C874D500D93E24 /* DataManager.m */ = {isa = PBXFileReference; fileEncoding = 4; lastKnownFileType = sourcecode.c.objc; path = DataManager.m; sourceTree = "<group>"; };
		2EAA9AE614D2EA60007AC5A3 /* MainViewController.xib */ = {isa = PBXFileReference; fileEncoding = 4; lastKnownFileType = file.xib; name = MainViewController.xib; path = ../MainViewController.xib; sourceTree = "<group>"; };
		2EAF251B14C75942005E0410 /* RegionData.h */ = {isa = PBXFileReference; fileEncoding = 4; lastKnownFileType = sourcecode.c.h; path = RegionData.h; sourceTree = "<group>"; };
		2EAF251C14C75942005E0410 /* RegionData.m */ = {isa = PBXFileReference; fileEncoding = 4; lastKnownFileType = sourcecode.c.objc; path = RegionData.m; sourceTree = "<group>"; };
		2EB0580A14D0D575004DDD59 /* OverlayView.h */ = {isa = PBXFileReference; fileEncoding = 4; lastKnownFileType = sourcecode.c.h; path = OverlayView.h; sourceTree = "<group>"; };
		2EB0580B14D0D575004DDD59 /* OverlayView.m */ = {isa = PBXFileReference; fileEncoding = 4; lastKnownFileType = sourcecode.c.objc; path = OverlayView.m; sourceTree = "<group>"; };
		2EC6DC6B14BF52FC005D3EC1 /* Avalanche.app */ = {isa = PBXFileReference; explicitFileType = wrapper.application; includeInIndex = 0; path = Avalanche.app; sourceTree = BUILT_PRODUCTS_DIR; };
		2EC6DC6F14BF52FC005D3EC1 /* UIKit.framework */ = {isa = PBXFileReference; lastKnownFileType = wrapper.framework; name = UIKit.framework; path = System/Library/Frameworks/UIKit.framework; sourceTree = SDKROOT; };
		2EC6DC7114BF52FC005D3EC1 /* Foundation.framework */ = {isa = PBXFileReference; lastKnownFileType = wrapper.framework; name = Foundation.framework; path = System/Library/Frameworks/Foundation.framework; sourceTree = SDKROOT; };
		2EC6DC7314BF52FC005D3EC1 /* CoreGraphics.framework */ = {isa = PBXFileReference; lastKnownFileType = wrapper.framework; name = CoreGraphics.framework; path = System/Library/Frameworks/CoreGraphics.framework; sourceTree = SDKROOT; };
		2EC6DC7714BF52FC005D3EC1 /* AviForecastIOS-Info.plist */ = {isa = PBXFileReference; lastKnownFileType = text.plist.xml; path = "AviForecastIOS-Info.plist"; sourceTree = "<group>"; };
		2EC6DC7914BF52FC005D3EC1 /* en */ = {isa = PBXFileReference; lastKnownFileType = text.plist.strings; name = en; path = en.lproj/InfoPlist.strings; sourceTree = "<group>"; };
		2EC6DC7B14BF52FC005D3EC1 /* main.m */ = {isa = PBXFileReference; lastKnownFileType = sourcecode.c.objc; path = main.m; sourceTree = "<group>"; };
		2EC6DC7D14BF52FC005D3EC1 /* AviForecastIOS-Prefix.pch */ = {isa = PBXFileReference; lastKnownFileType = sourcecode.c.h; path = "AviForecastIOS-Prefix.pch"; sourceTree = "<group>"; };
		2EC6DC7E14BF52FC005D3EC1 /* AppDelegate.h */ = {isa = PBXFileReference; lastKnownFileType = sourcecode.c.h; path = AppDelegate.h; sourceTree = "<group>"; };
		2EC6DC7F14BF52FC005D3EC1 /* AppDelegate.m */ = {isa = PBXFileReference; lastKnownFileType = sourcecode.c.objc; path = AppDelegate.m; sourceTree = "<group>"; };
		2EC6DC8414BF52FC005D3EC1 /* MainViewController.h */ = {isa = PBXFileReference; lastKnownFileType = sourcecode.c.h; path = MainViewController.h; sourceTree = "<group>"; };
		2EC6DC8514BF52FC005D3EC1 /* MainViewController.m */ = {isa = PBXFileReference; lastKnownFileType = sourcecode.c.objc; path = MainViewController.m; sourceTree = "<group>"; };
		2EC6DCA614BF54B1005D3EC1 /* MapKit.framework */ = {isa = PBXFileReference; lastKnownFileType = wrapper.framework; name = MapKit.framework; path = System/Library/Frameworks/MapKit.framework; sourceTree = SDKROOT; };
		2EC6DCA814BF54B7005D3EC1 /* CoreLocation.framework */ = {isa = PBXFileReference; lastKnownFileType = wrapper.framework; name = CoreLocation.framework; path = System/Library/Frameworks/CoreLocation.framework; sourceTree = SDKROOT; };
/* End PBXFileReference section */

/* Begin PBXFrameworksBuildPhase section */
		2EC6DC6814BF52FC005D3EC1 /* Frameworks */ = {
			isa = PBXFrameworksBuildPhase;
			buildActionMask = 2147483647;
			files = (
				2E3EACB514EBF954009ED78D /* CFNetwork.framework in Frameworks */,
				2E5E4C7414D73F3400CAA36C /* SystemConfiguration.framework in Frameworks */,
				2EC6DCA914BF54B7005D3EC1 /* CoreLocation.framework in Frameworks */,
				2EC6DCA714BF54B1005D3EC1 /* MapKit.framework in Frameworks */,
				2EC6DC7014BF52FC005D3EC1 /* UIKit.framework in Frameworks */,
				2EC6DC7214BF52FC005D3EC1 /* Foundation.framework in Frameworks */,
				2EC6DC7414BF52FC005D3EC1 /* CoreGraphics.framework in Frameworks */,
				2E9530631604FB49006C5191 /* libFlurryAnalytics.a in Frameworks */,
			);
			runOnlyForDeploymentPostprocessing = 0;
		};
/* End PBXFrameworksBuildPhase section */

/* Begin PBXGroup section */
		2E3EACB014EBF84F009ED78D /* Appirater */ = {
			isa = PBXGroup;
			children = (
				2E9530661605752C006C5191 /* Appirater.h */,
				2E9530671605752C006C5191 /* Appirater.m */,
			);
			path = Appirater;
			sourceTree = "<group>";
		};
		2E5E4C6914D73CE800CAA36C /* RNCachingURLProtocol */ = {
			isa = PBXGroup;
			children = (
				2E953069160583E8006C5191 /* RNCachingURLProtocol.h */,
				2E95306A160583E8006C5191 /* RNCachingURLProtocol.m */,
			);
			path = RNCachingURLProtocol;
			sourceTree = "<group>";
		};
		2E5E4C7514D7437C00CAA36C /* Reachability */ = {
			isa = PBXGroup;
			children = (
				2E5E4C7614D7437C00CAA36C /* Reachability.h */,
				2E5E4C7714D7437C00CAA36C /* Reachability.m */,
			);
			path = Reachability;
			sourceTree = "<group>";
		};
		2EA9CA0614C06921008DD986 /* Resources */ = {
			isa = PBXGroup;
			children = (
				2E47CB7814E0B9F5004CE9EA /* logo@2x.png */,
				2E47CB7A14E0BA03004CE9EA /* logo.png */,
				2E95308816058908006C5191 /* Default-568h@2x.png */,
				2E47CB8214E0C0DC004CE9EA /* Default@2x.png */,
				2E47CB8014E0C0D3004CE9EA /* Default.png */,
				2E3EACAC14EABA74009ED78D /* legend4@2x.png */,
				2E3EACAE14EABA7E009ED78D /* legend4.png */,
				2E95309016069FA1006C5191 /* dangerScaleFrontLarge.jpg */,
			);
			name = Resources;
			sourceTree = "<group>";
		};
		2EA9CA7614C075A6008DD986 /* AFNetworking */ = {
			isa = PBXGroup;
			children = (
				2E95306C16058681006C5191 /* AFHTTPClient.h */,
				2E95306D16058681006C5191 /* AFHTTPClient.m */,
				2E95306E16058681006C5191 /* AFHTTPRequestOperation.h */,
				2E95306F16058681006C5191 /* AFHTTPRequestOperation.m */,
				2E95307016058681006C5191 /* AFImageRequestOperation.h */,
				2E95307116058681006C5191 /* AFImageRequestOperation.m */,
				2E95307216058681006C5191 /* AFJSONRequestOperation.h */,
				2E95307316058681006C5191 /* AFJSONRequestOperation.m */,
				2E95307416058681006C5191 /* AFNetworkActivityIndicatorManager.h */,
				2E95307516058681006C5191 /* AFNetworkActivityIndicatorManager.m */,
				2E95307616058681006C5191 /* AFNetworking.h */,
				2E95307716058681006C5191 /* AFPropertyListRequestOperation.h */,
				2E95307816058681006C5191 /* AFPropertyListRequestOperation.m */,
				2E95307916058681006C5191 /* AFURLConnectionOperation.h */,
				2E95307A16058681006C5191 /* AFURLConnectionOperation.m */,
				2E95307B16058681006C5191 /* AFXMLRequestOperation.h */,
				2E95307C16058681006C5191 /* AFXMLRequestOperation.m */,
				2E95307D16058681006C5191 /* UIImageView+AFNetworking.h */,
				2E95307E16058681006C5191 /* UIImageView+AFNetworking.m */,
			);
			path = AFNetworking;
			sourceTree = "<group>";
		};
		2EA9FB0A14D375AB001633E1 /* FlurryAnalytics */ = {
			isa = PBXGroup;
			children = (
				2E9530611604FB49006C5191 /* FlurryAnalytics.h */,
				2E9530621604FB49006C5191 /* libFlurryAnalytics.a */,
			);
			path = FlurryAnalytics;
			sourceTree = "<group>";
		};
		2EC5226114D34E170083386C /* JSONKit */ = {
			isa = PBXGroup;
			children = (
				2E95305E1604FACF006C5191 /* JSONKit.h */,
				2E95305F1604FACF006C5191 /* JSONKit.m */,
			);
			path = JSONKit;
			sourceTree = "<group>";
		};
		2EC6DC6014BF52FC005D3EC1 = {
			isa = PBXGroup;
			children = (
				2EA9CA0614C06921008DD986 /* Resources */,
				2EC6DC7514BF52FC005D3EC1 /* AviForecastIOS */,
				2EA9CA7614C075A6008DD986 /* AFNetworking */,
				2EC5226114D34E170083386C /* JSONKit */,
				2E5E4C6914D73CE800CAA36C /* RNCachingURLProtocol */,
				2E5E4C7514D7437C00CAA36C /* Reachability */,
				2EA9FB0A14D375AB001633E1 /* FlurryAnalytics */,
				2E3EACB014EBF84F009ED78D /* Appirater */,
				2EC6DC6E14BF52FC005D3EC1 /* Frameworks */,
				2EC6DC6C14BF52FC005D3EC1 /* Products */,
			);
			sourceTree = "<group>";
		};
		2EC6DC6C14BF52FC005D3EC1 /* Products */ = {
			isa = PBXGroup;
			children = (
				2EC6DC6B14BF52FC005D3EC1 /* Avalanche.app */,
			);
			name = Products;
			sourceTree = "<group>";
		};
		2EC6DC6E14BF52FC005D3EC1 /* Frameworks */ = {
			isa = PBXGroup;
			children = (
				2E3EACB414EBF954009ED78D /* CFNetwork.framework */,
				2EA9C9F814BFBD46008DD986 /* SystemConfiguration.framework */,
				2EC6DCA814BF54B7005D3EC1 /* CoreLocation.framework */,
				2EC6DCA614BF54B1005D3EC1 /* MapKit.framework */,
				2EC6DC6F14BF52FC005D3EC1 /* UIKit.framework */,
				2EC6DC7114BF52FC005D3EC1 /* Foundation.framework */,
				2EC6DC7314BF52FC005D3EC1 /* CoreGraphics.framework */,
			);
			name = Frameworks;
			sourceTree = "<group>";
		};
		2EC6DC7514BF52FC005D3EC1 /* AviForecastIOS */ = {
			isa = PBXGroup;
			children = (
				2E4E643714C0B03300D11461 /* contants.h */,
				2EC6DC7E14BF52FC005D3EC1 /* AppDelegate.h */,
				2EC6DC7F14BF52FC005D3EC1 /* AppDelegate.m */,
				2EC6DC8414BF52FC005D3EC1 /* MainViewController.h */,
				2EC6DC8514BF52FC005D3EC1 /* MainViewController.m */,
				2EAA9AE614D2EA60007AC5A3 /* MainViewController.xib */,
				2E5D1DA714D04D7C007AD25A /* DetailsViewController.h */,
				2E5D1DA814D04D7C007AD25A /* DetailsViewController.m */,
				2E00EE5814D2F23B00112294 /* DetailsViewController.xib */,
				2E47CB8A14E15D57004CE9EA /* DangerScaleViewController.h */,
				2E47CB8B14E15D57004CE9EA /* DangerScaleViewController.m */,
				2E47CB8814E15B31004CE9EA /* DangerScaleViewController.xib */,
				2EB0580A14D0D575004DDD59 /* OverlayView.h */,
				2EB0580B14D0D575004DDD59 /* OverlayView.m */,
				2EAA4E2014C874D500D93E24 /* DataManager.h */,
				2EAA4E2114C874D500D93E24 /* DataManager.m */,
				2EAF251B14C75942005E0410 /* RegionData.h */,
				2EAF251C14C75942005E0410 /* RegionData.m */,
				2EA9C9FC14BFC15A008DD986 /* NetworkEngine.h */,
				2EA9C9FD14BFC15A008DD986 /* NetworkEngine.m */,
				2EC6DC7614BF52FC005D3EC1 /* Supporting Files */,
			);
			path = AviForecastIOS;
			sourceTree = "<group>";
		};
		2EC6DC7614BF52FC005D3EC1 /* Supporting Files */ = {
			isa = PBXGroup;
			children = (
				2EC6DC7714BF52FC005D3EC1 /* AviForecastIOS-Info.plist */,
				2EC6DC7814BF52FC005D3EC1 /* InfoPlist.strings */,
				2EC6DC7B14BF52FC005D3EC1 /* main.m */,
				2EC6DC7D14BF52FC005D3EC1 /* AviForecastIOS-Prefix.pch */,
			);
			name = "Supporting Files";
			sourceTree = "<group>";
		};
/* End PBXGroup section */

/* Begin PBXNativeTarget section */
		2EC6DC6A14BF52FC005D3EC1 /* Avalanche */ = {
			isa = PBXNativeTarget;
			buildConfigurationList = 2EC6DC9E14BF52FC005D3EC1 /* Build configuration list for PBXNativeTarget "Avalanche" */;
			buildPhases = (
				2EC6DC6714BF52FC005D3EC1 /* Sources */,
				2EC6DC6814BF52FC005D3EC1 /* Frameworks */,
				2E3F9B0514C4A16A00D2E2C8 /* ShellScript */,
				2EC6DC6914BF52FC005D3EC1 /* Resources */,
			);
			buildRules = (
			);
			dependencies = (
			);
			name = Avalanche;
			productName = AviForecastIOS;
			productReference = 2EC6DC6B14BF52FC005D3EC1 /* Avalanche.app */;
			productType = "com.apple.product-type.application";
		};
/* End PBXNativeTarget section */

/* Begin PBXProject section */
		2EC6DC6214BF52FC005D3EC1 /* Project object */ = {
			isa = PBXProject;
			attributes = {
				LastUpgradeCheck = 0420;
			};
			buildConfigurationList = 2EC6DC6514BF52FC005D3EC1 /* Build configuration list for PBXProject "AviForecastIOS" */;
			compatibilityVersion = "Xcode 3.2";
			developmentRegion = English;
			hasScannedForEncodings = 0;
			knownRegions = (
				en,
			);
			mainGroup = 2EC6DC6014BF52FC005D3EC1;
			productRefGroup = 2EC6DC6C14BF52FC005D3EC1 /* Products */;
			projectDirPath = "";
			projectRoot = "";
			targets = (
				2EC6DC6A14BF52FC005D3EC1 /* Avalanche */,
			);
		};
/* End PBXProject section */

/* Begin PBXResourcesBuildPhase section */
		2EC6DC6914BF52FC005D3EC1 /* Resources */ = {
			isa = PBXResourcesBuildPhase;
			buildActionMask = 2147483647;
			files = (
				2EC6DC7A14BF52FC005D3EC1 /* InfoPlist.strings in Resources */,
				2EAA9AE714D2EA60007AC5A3 /* MainViewController.xib in Resources */,
				2E00EE5914D2F23B00112294 /* DetailsViewController.xib in Resources */,
				2E47CB7914E0B9F5004CE9EA /* logo@2x.png in Resources */,
				2E47CB7B14E0BA03004CE9EA /* logo.png in Resources */,
				2E47CB8114E0C0D3004CE9EA /* Default.png in Resources */,
				2E47CB8314E0C0DC004CE9EA /* Default@2x.png in Resources */,
				2E47CB8914E15B31004CE9EA /* DangerScaleViewController.xib in Resources */,
				2E3EACAD14EABA74009ED78D /* legend4@2x.png in Resources */,
				2E3EACAF14EABA7E009ED78D /* legend4.png in Resources */,
				2E95308916058908006C5191 /* Default-568h@2x.png in Resources */,
				2E95309116069FA2006C5191 /* dangerScaleFrontLarge.jpg in Resources */,
			);
			runOnlyForDeploymentPostprocessing = 0;
		};
/* End PBXResourcesBuildPhase section */

/* Begin PBXShellScriptBuildPhase section */
		2E3F9B0514C4A16A00D2E2C8 /* ShellScript */ = {
			isa = PBXShellScriptBuildPhase;
			buildActionMask = 2147483647;
			files = (
			);
			inputPaths = (
			);
			outputPaths = (
			);
			runOnlyForDeploymentPostprocessing = 0;
			shellPath = /bin/sh;
			shellScript = "#!/bin/bash    \nbuildNumber=$(/usr/libexec/PlistBuddy -c \"Print CFBundleVersion\" \"$INFOPLIST_FILE\")\nbuildNumber=$(($buildNumber + 1))\n/usr/libexec/PlistBuddy -c \"Set :CFBundleVersion $buildNumber\" \"$INFOPLIST_FILE\"";
		};
/* End PBXShellScriptBuildPhase section */

/* Begin PBXSourcesBuildPhase section */
		2EC6DC6714BF52FC005D3EC1 /* Sources */ = {
			isa = PBXSourcesBuildPhase;
			buildActionMask = 2147483647;
			files = (
				2EC6DC7C14BF52FC005D3EC1 /* main.m in Sources */,
				2EC6DC8014BF52FC005D3EC1 /* AppDelegate.m in Sources */,
				2EC6DC8614BF52FC005D3EC1 /* MainViewController.m in Sources */,
				2EA9C9FE14BFC15A008DD986 /* NetworkEngine.m in Sources */,
				2EAF251D14C75942005E0410 /* RegionData.m in Sources */,
				2EAA4E2214C874D500D93E24 /* DataManager.m in Sources */,
				2E5D1DA914D04D7C007AD25A /* DetailsViewController.m in Sources */,
				2EB0580C14D0D575004DDD59 /* OverlayView.m in Sources */,
				2E5E4C7814D7437C00CAA36C /* Reachability.m in Sources */,
				2E47CB8C14E15D57004CE9EA /* DangerScaleViewController.m in Sources */,
				2E9530601604FACF006C5191 /* JSONKit.m in Sources */,
				2E9530681605752C006C5191 /* Appirater.m in Sources */,
				2E95306B160583E8006C5191 /* RNCachingURLProtocol.m in Sources */,
				2E95307F16058681006C5191 /* AFHTTPClient.m in Sources */,
				2E95308016058681006C5191 /* AFHTTPRequestOperation.m in Sources */,
				2E95308116058681006C5191 /* AFImageRequestOperation.m in Sources */,
				2E95308216058681006C5191 /* AFJSONRequestOperation.m in Sources */,
				2E95308316058681006C5191 /* AFNetworkActivityIndicatorManager.m in Sources */,
				2E95308416058681006C5191 /* AFPropertyListRequestOperation.m in Sources */,
				2E95308516058681006C5191 /* AFURLConnectionOperation.m in Sources */,
				2E95308616058681006C5191 /* AFXMLRequestOperation.m in Sources */,
				2E95308716058681006C5191 /* UIImageView+AFNetworking.m in Sources */,
			);
			runOnlyForDeploymentPostprocessing = 0;
		};
/* End PBXSourcesBuildPhase section */

/* Begin PBXVariantGroup section */
		2EC6DC7814BF52FC005D3EC1 /* InfoPlist.strings */ = {
			isa = PBXVariantGroup;
			children = (
				2EC6DC7914BF52FC005D3EC1 /* en */,
			);
			name = InfoPlist.strings;
			sourceTree = "<group>";
		};
/* End PBXVariantGroup section */

/* Begin XCBuildConfiguration section */
		2E47CB9514E20731004CE9EA /* Release */ = {
			isa = XCBuildConfiguration;
			buildSettings = {
				ALWAYS_SEARCH_USER_PATHS = NO;
				ARCHS = "$(ARCHS_STANDARD_32_BIT)";
				CLANG_ENABLE_OBJC_ARC = YES;
				"CODE_SIGN_IDENTITY[sdk=iphoneos*]" = "iPhone Distribution: Seth Pollack";
				COPY_PHASE_STRIP = YES;
				GCC_C_LANGUAGE_STANDARD = gnu99;
				GCC_VERSION = com.apple.compilers.llvm.clang.1_0;
				GCC_WARN_ABOUT_MISSING_PROTOTYPES = YES;
				GCC_WARN_ABOUT_RETURN_TYPE = YES;
				GCC_WARN_UNUSED_VARIABLE = YES;
				IPHONEOS_DEPLOYMENT_TARGET = 4.2;
				OTHER_CFLAGS = "-DNS_BLOCK_ASSERTIONS=1";
				"PROVISIONING_PROFILE[sdk=iphoneos*]" = "290E7402-CC60-4914-A42B-272BB2A0B230";
				SDKROOT = iphoneos;
				VALIDATE_PRODUCT = YES;
			};
			name = Release;
		};
		2E47CB9614E20731004CE9EA /* Release */ = {
			isa = XCBuildConfiguration;
			buildSettings = {
				"CODE_SIGN_IDENTITY[sdk=iphoneos*]" = "iPhone Distribution: Seth Pollack";
				GCC_PRECOMPILE_PREFIX_HEADER = YES;
				GCC_PREFIX_HEADER = "AviForecastIOS/AviForecastIOS-Prefix.pch";
				INFOPLIST_FILE = "AviForecastIOS/AviForecastIOS-Info.plist";
				IPHONEOS_DEPLOYMENT_TARGET = 4.3;
				LIBRARY_SEARCH_PATHS = (
					"$(inherited)",
					"\"$(SRCROOT)/FlurryAnalytics\"",
				);
				PRODUCT_NAME = "$(TARGET_NAME)";
				"PROVISIONING_PROFILE[sdk=iphoneos*]" = "290E7402-CC60-4914-A42B-272BB2A0B230";
				TARGETED_DEVICE_FAMILY = 1;
				WRAPPER_EXTENSION = app;
			};
			name = Release;
		};
		2EC6DC9C14BF52FC005D3EC1 /* Debug */ = {
			isa = XCBuildConfiguration;
			buildSettings = {
				ALWAYS_SEARCH_USER_PATHS = NO;
				ARCHS = "$(ARCHS_STANDARD_32_BIT)";
				CLANG_ENABLE_OBJC_ARC = YES;
				"CODE_SIGN_IDENTITY[sdk=iphoneos*]" = "iPhone Distribution: Seth Pollack";
				COPY_PHASE_STRIP = NO;
				GCC_C_LANGUAGE_STANDARD = gnu99;
				GCC_DYNAMIC_NO_PIC = NO;
				GCC_OPTIMIZATION_LEVEL = 0;
				GCC_PREPROCESSOR_DEFINITIONS = (
					"DEBUG=1",
					"$(inherited)",
				);
				GCC_SYMBOLS_PRIVATE_EXTERN = NO;
				GCC_VERSION = com.apple.compilers.llvm.clang.1_0;
				GCC_WARN_ABOUT_MISSING_PROTOTYPES = YES;
				GCC_WARN_ABOUT_RETURN_TYPE = YES;
				GCC_WARN_UNUSED_VARIABLE = YES;
				IPHONEOS_DEPLOYMENT_TARGET = 4.2;
				"PROVISIONING_PROFILE[sdk=iphoneos*]" = "290E7402-CC60-4914-A42B-272BB2A0B230";
				SDKROOT = iphoneos;
			};
			name = Debug;
		};
		2EC6DC9F14BF52FC005D3EC1 /* Debug */ = {
			isa = XCBuildConfiguration;
			buildSettings = {
				"CODE_SIGN_IDENTITY[sdk=iphoneos*]" = "iPhone Distribution: Seth Pollack";
				GCC_PRECOMPILE_PREFIX_HEADER = YES;
				GCC_PREFIX_HEADER = "AviForecastIOS/AviForecastIOS-Prefix.pch";
				INFOPLIST_FILE = "AviForecastIOS/AviForecastIOS-Info.plist";
				IPHONEOS_DEPLOYMENT_TARGET = 4.3;
				LIBRARY_SEARCH_PATHS = (
					"$(inherited)",
					"\"$(SRCROOT)/FlurryAnalytics\"",
				);
				PRODUCT_NAME = "$(TARGET_NAME)";
				"PROVISIONING_PROFILE[sdk=iphoneos*]" = "290E7402-CC60-4914-A42B-272BB2A0B230";
				TARGETED_DEVICE_FAMILY = 1;
				WRAPPER_EXTENSION = app;
			};
			name = Debug;
		};
/* End XCBuildConfiguration section */

/* Begin XCConfigurationList section */
		2EC6DC6514BF52FC005D3EC1 /* Build configuration list for PBXProject "AviForecastIOS" */ = {
			isa = XCConfigurationList;
			buildConfigurations = (
				2EC6DC9C14BF52FC005D3EC1 /* Debug */,
				2E47CB9514E20731004CE9EA /* Release */,
			);
			defaultConfigurationIsVisible = 0;
			defaultConfigurationName = Debug;
		};
		2EC6DC9E14BF52FC005D3EC1 /* Build configuration list for PBXNativeTarget "Avalanche" */ = {
			isa = XCConfigurationList;
			buildConfigurations = (
				2EC6DC9F14BF52FC005D3EC1 /* Debug */,
				2E47CB9614E20731004CE9EA /* Release */,
			);
			defaultConfigurationIsVisible = 0;
			defaultConfigurationName = Debug;
		};
/* End XCConfigurationList section */
	};
	rootObject = 2EC6DC6214BF52FC005D3EC1 /* Project object */;
}
